
Microsoft Visual Studio Solution File, Format Version 12.00
# Visual Studio 15
VisualStudioVersion = 15.0.26730.16
MinimumVisualStudioVersion = 10.0.40219.1
Project("{2150E333-8FDC-42A3-9474-1A3956D46DE8}") = "src", "src", "{5245E965-0654-4D72-84FA-331D8C631DCD}"
EndProject
Project("{2150E333-8FDC-42A3-9474-1A3956D46DE8}") = "Solution Items", "Solution Items", "{7C10B159-CA8B-4B82-B191-53DA47C5B886}"
EndProject
Project("{2150E333-8FDC-42A3-9474-1A3956D46DE8}") = "test", "test", "{59FD3288-04E2-42A2-A740-5F01B0F9B865}"
EndProject
Project("{9A19103F-16F7-4668-BE54-9A1E7A4F7556}") = "Aspectus", "src\Aspectus\Aspectus.csproj", "{6B0DA394-A846-4780-BE6E-0DC83251F9F2}"
EndProject
Project("{9A19103F-16F7-4668-BE54-9A1E7A4F7556}") = "Aspectus.Tests", "test\Aspectus.Tests\Aspectus.Tests.csproj", "{828C4111-F602-4B17-BD2F-51DC69F808E4}"
EndProject
Global
	GlobalSection(SolutionConfigurationPlatforms) = preSolution
		Debug|Any CPU = Debug|Any CPU
		Release|Any CPU = Release|Any CPU
	EndGlobalSection
	GlobalSection(ProjectConfigurationPlatforms) = postSolution
		{6B0DA394-A846-4780-BE6E-0DC83251F9F2}.Debug|Any CPU.ActiveCfg = Debug|Any CPU
		{6B0DA394-A846-4780-BE6E-0DC83251F9F2}.Debug|Any CPU.Build.0 = Debug|Any CPU
		{6B0DA394-A846-4780-BE6E-0DC83251F9F2}.Release|Any CPU.ActiveCfg = Release|Any CPU
		{6B0DA394-A846-4780-BE6E-0DC83251F9F2}.Release|Any CPU.Build.0 = Release|Any CPU
		{828C4111-F602-4B17-BD2F-51DC69F808E4}.Debug|Any CPU.ActiveCfg = Debug|Any CPU
		{828C4111-F602-4B17-BD2F-51DC69F808E4}.Debug|Any CPU.Build.0 = Debug|Any CPU
		{828C4111-F602-4B17-BD2F-51DC69F808E4}.Release|Any CPU.ActiveCfg = Release|Any CPU
		{828C4111-F602-4B17-BD2F-51DC69F808E4}.Release|Any CPU.Build.0 = Release|Any CPU
	EndGlobalSection
	GlobalSection(SolutionProperties) = preSolution
		HideSolutionNode = FALSE
	EndGlobalSection
	GlobalSection(NestedProjects) = preSolution
		{6B0DA394-A846-4780-BE6E-0DC83251F9F2} = {5245E965-0654-4D72-84FA-331D8C631DCD}
		{828C4111-F602-4B17-BD2F-51DC69F808E4} = {59FD3288-04E2-42A2-A740-5F01B0F9B865}
	EndGlobalSection
	GlobalSection(ExtensibilityGlobals) = postSolution
		SolutionGuid = {AE5799B4-3435-4AFD-BA0F-922B505D1828}
	EndGlobalSection
EndGlobal
