
Microsoft Visual Studio Solution File, Format Version 12.00
# Visual Studio Version 17
VisualStudioVersion = 17.6.33815.320
MinimumVisualStudioVersion = 10.0.40219.1
Project("{2150E333-8FDC-42A3-9474-1A3956D46DE8}") = "src", "src", "{5245E965-0654-4D72-84FA-331D8C631DCD}"
EndProject
Project("{2150E333-8FDC-42A3-9474-1A3956D46DE8}") = "Solution Items", "Solution Items", "{7C10B159-CA8B-4B82-B191-53DA47C5B886}"
	ProjectSection(SolutionItems) = preProject
		.editorconfig = .editorconfig
	EndProjectSection
EndProject
Project("{2150E333-8FDC-42A3-9474-1A3956D46DE8}") = "test", "test", "{59FD3288-04E2-42A2-A740-5F01B0F9B865}"
EndProject
Project("{FAE04EC0-301F-11D3-BF4B-00C04F79EFBC}") = "Aspectus.Example", "Aspectus.Example\Aspectus.Example.csproj", "{E537EF2A-C510-4000-B72E-3EF3C5A7815A}"
EndProject
Project("{FAE04EC0-301F-11D3-BF4B-00C04F79EFBC}") = "Aspectus", "Aspectus\Aspectus.csproj", "{84B06EE4-76C9-4AA4-9DD6-FA2BCEF81D04}"
EndProject
Project("{FAE04EC0-301F-11D3-BF4B-00C04F79EFBC}") = "Aspectus.Tests", "Aspectus.Tests\Aspectus.Tests.csproj", "{6A46B68D-DF02-4E83-B5CC-2B6648E7CEE1}"
EndProject
Global
	GlobalSection(SolutionConfigurationPlatforms) = preSolution
		Debug|Any CPU = Debug|Any CPU
		Release|Any CPU = Release|Any CPU
	EndGlobalSection
	GlobalSection(ProjectConfigurationPlatforms) = postSolution
		{E537EF2A-C510-4000-B72E-3EF3C5A7815A}.Debug|Any CPU.ActiveCfg = Debug|Any CPU
		{E537EF2A-C510-4000-B72E-3EF3C5A7815A}.Debug|Any CPU.Build.0 = Debug|Any CPU
		{E537EF2A-C510-4000-B72E-3EF3C5A7815A}.Release|Any CPU.ActiveCfg = Release|Any CPU
		{E537EF2A-C510-4000-B72E-3EF3C5A7815A}.Release|Any CPU.Build.0 = Release|Any CPU
		{84B06EE4-76C9-4AA4-9DD6-FA2BCEF81D04}.Debug|Any CPU.ActiveCfg = Debug|Any CPU
		{84B06EE4-76C9-4AA4-9DD6-FA2BCEF81D04}.Debug|Any CPU.Build.0 = Debug|Any CPU
		{84B06EE4-76C9-4AA4-9DD6-FA2BCEF81D04}.Release|Any CPU.ActiveCfg = Release|Any CPU
		{84B06EE4-76C9-4AA4-9DD6-FA2BCEF81D04}.Release|Any CPU.Build.0 = Release|Any CPU
		{6A46B68D-DF02-4E83-B5CC-2B6648E7CEE1}.Debug|Any CPU.ActiveCfg = Debug|Any CPU
		{6A46B68D-DF02-4E83-B5CC-2B6648E7CEE1}.Debug|Any CPU.Build.0 = Debug|Any CPU
		{6A46B68D-DF02-4E83-B5CC-2B6648E7CEE1}.Release|Any CPU.ActiveCfg = Release|Any CPU
		{6A46B68D-DF02-4E83-B5CC-2B6648E7CEE1}.Release|Any CPU.Build.0 = Release|Any CPU
	EndGlobalSection
	GlobalSection(SolutionProperties) = preSolution
		HideSolutionNode = FALSE
	EndGlobalSection
	GlobalSection(NestedProjects) = preSolution
		{84B06EE4-76C9-4AA4-9DD6-FA2BCEF81D04} = {5245E965-0654-4D72-84FA-331D8C631DCD}
		{6A46B68D-DF02-4E83-B5CC-2B6648E7CEE1} = {59FD3288-04E2-42A2-A740-5F01B0F9B865}
	EndGlobalSection
	GlobalSection(ExtensibilityGlobals) = postSolution
		SolutionGuid = {B91FAA9D-39E6-4A92-8A42-A1365DBFE3EB}
	EndGlobalSection
EndGlobal
